{
  "name": "uk-rail-viz",
  "version": "0.1.0",
  "lockfileVersion": 3,
  "requires": true,
  "packages": {
    "": {
      "name": "uk-rail-viz",
      "version": "0.1.0",
      "dependencies": {
        "bootstrap": "~3.1.1",
        "d3": "~3.5.17",
        "d3-tip": "~0.6.4",
        "es6-shim": "~0.10.1",
        "jquery": "~2.1.0",
        "moment": "~2.6.0",
        "underscore": "~1.6.0"
      },
      "devDependencies": {
        "saxes": "^6.0.0",
        "stompit": "^1.0.0"
      },
      "engines": {
        "node": ">=20"
      }
    },
    "node_modules/bootstrap": {
      "version": "3.1.1",
      "resolved": "https://registry.npmjs.org/bootstrap/-/bootstrap-3.1.1.tgz",
      "integrity": "sha512-TAzqS8E/ISpVHP29gYhy+1NSV+FJwApDVQhDfgLYsIuUDJiqJzH2DfORN5tiu+Ie2iBLrzEG34t4Rf465cigqg==",
      "deprecated": "This version of Bootstrap is no longer supported. Please upgrade to the latest version.",
      "license": "MIT"
    },
    "node_modules/d3": {
      "version": "3.5.17",
      "resolved": "https://registry.npmjs.org/d3/-/d3-3.5.17.tgz",
      "integrity": "sha512-yFk/2idb8OHPKkbAL8QaOaqENNoMhIaSHZerk3oQsECwkObkCpJyjYwCe+OHiq6UEdhe1m8ZGARRRO3ljFjlKg==",
      "license": "BSD-3-Clause"
    },
    "node_modules/d3-tip": {
      "version": "0.6.8",
      "resolved": "https://registry.npmjs.org/d3-tip/-/d3-tip-0.6.8.tgz",
      "integrity": "sha512-uvikpFTvYHaQ9m+uLxVUwgUS0iHYoWenGy/n60c7IJC97SvC6LWX+iWvYedZ0Ak0e4+bjyuReX5yfqnN1uVb5A==",
      "license": "MIT",
      "dependencies": {
        "d3": "^3.5.5"
      }
    },
    "node_modules/es6-shim": {
      "version": "0.10.1",
      "resolved": "https://registry.npmjs.org/es6-shim/-/es6-shim-0.10.1.tgz",
      "integrity": "sha512-fpa+gRHFywqakbBgKPbuHskK2/Ni8nhd/utV+0Uwk56V9b673PuH7GRkkgIMTyWKhfw87Lf4ZZmuFZw8WyzU3A=="
    },
    "node_modules/jquery": {
      "version": "2.1.4",
      "resolved": "https://registry.npmjs.org/jquery/-/jquery-2.1.4.tgz",
      "integrity": "sha512-wWR+eCq/T/Qt0NcFyM+QVho0ZVzWxFYANijmSMImXiM5mjr1aOaf4SF0eOEPc92bbK2L2vDpxw3lIszus7eO8Q==",
      "deprecated": "This version is deprecated. Please upgrade to the latest version or find support at https://www.herodevs.com/support/jquery-nes."
    },
    "node_modules/moment": {
      "version": "2.6.0",
      "resolved": "https://registry.npmjs.org/moment/-/moment-2.6.0.tgz",
      "integrity": "sha512-M3MTvRWyj4UOYRFeH427oyqxaqFO3HHdL+CqlaQ2jRxdi4mpIQq15uyRN8NO0/PY3+C9ljoznyNqM6YZhj1phg==",
      "engines": {
        "node": "*"
      }
    },
    "node_modules/qs": {
      "version": "6.9.9",
      "resolved": "https://registry.npmjs.org/qs/-/qs-6.9.9.tgz",
      "integrity": "sha512-4mp+ySf3n7scxSqU6LIO9jjYCJWIdbXh3EQ8uvEc1uXiZm8sLI7moRTOvZb66c8zEHelBGEVRkSW6e9JCaayTw==",
      "dev": true,
      "license": "BSD-3-Clause",
      "engines": {
        "node": ">=0.6"
      },
      "funding": {
        "url": "https://github.com/sponsors/ljharb"
      }
    },
    "node_modules/saxes": {
      "version": "6.0.0",
      "resolved": "https://registry.npmjs.org/saxes/-/saxes-6.0.0.tgz",
      "integrity": "sha512-xAg7SOnEhrm5zI3puOOKyy1OMcMlIJZYNJY7xLBwSze0UjhPLnWfj2GF2EpT0jmzaJKIWKHLsaSSajf35bcYnA==",
      "dev": true,
      "license": "ISC",
      "dependencies": {
        "xmlchars": "^2.2.0"
      },
      "engines": {
        "node": ">=v12.22.7"
      }
    },
    "node_modules/stompit": {
      "version": "1.0.0",
      "resolved": "https://registry.npmjs.org/stompit/-/stompit-1.0.0.tgz",
      "integrity": "sha512-He+ZV41LyCs4WNpMT9WFAuhQ6cUNhzfa+PsRlf7qxGIfMhDCUncnD9V7Cwvo8tzvpnwVyRB2BDG3R7I2Gbv4Ww==",
      "dev": true,
      "license": "MIT",
      "dependencies": {
        "qs": "~6.9.1"
      },
      "engines": {
        "node": ">=8.6.0"
      }
    },
    "node_modules/underscore": {
      "version": "1.6.0",
      "resolved": "https://registry.npmjs.org/underscore/-/underscore-1.6.0.tgz",
      "integrity": "sha512-z4o1fvKUojIWh9XuaVLUDdf86RQiq13AC1dmHbTpoyuu+bquHms76v16CjycCbec87J7z0k//SiQVk0sMdFmpQ=="
    },
    "node_modules/xmlchars": {
      "version": "2.2.0",
      "resolved": "https://registry.npmjs.org/xmlchars/-/xmlchars-2.2.0.tgz",
      "integrity": "sha512-JZnDKK8B0RCDw84FNdDAIpZK+JuJw+s7Lz8nksI7SIuU3UXJJslUthsi+uWBUYOwPFwW7W7PRLRfUKpxjtjFCw==",
      "dev": true,
      "license": "MIT"
    }
  }
}
