{
  "name": "uk-rail-viz",
  "version": "0.1.0",
  "lockfileVersion": 3,
  "requires": true,
  "packages": {
    "": {
      "name": "uk-rail-viz",
      "version": "0.1.0",
      "devDependencies": {
        "saxes": "^6.0.0",
        "stompit": "^1.0.0"
      },
      "engines": {
        "node": ">=20"
      }
    },
    "node_modules/qs": {
      "version": "6.9.9",
      "resolved": "https://registry.npmjs.org/qs/-/qs-6.9.9.tgz",
      "integrity": "sha512-4mp+ySf3n7scxSqU6LIO9jjYCJWIdbXh3EQ8uvEc1uXiZm8sLI7moRTOvZb66c8zEHelBGEVRkSW6e9JCaayTw==",
      "dev": true,
      "license": "BSD-3-Clause",
      "engines": {
        "node": ">=0.6"
      },
      "funding": {
        "url": "https://github.com/sponsors/ljharb"
      }
    },
    "node_modules/saxes": {
      "version": "6.0.0",
      "resolved": "https://registry.npmjs.org/saxes/-/saxes-6.0.0.tgz",
      "integrity": "sha512-xAg7SOnEhrm5zI3puOOKyy1OMcMlIJZYNJY7xLBwSze0UjhPLnWfj2GF2EpT0jmzaJKIWKHLsaSSajf35bcYnA==",
      "dev": true,
      "license": "ISC",
      "dependencies": {
        "xmlchars": "^2.2.0"
      },
      "engines": {
        "node": ">=v12.22.7"
      }
    },
    "node_modules/stompit": {
      "version": "1.0.0",
      "resolved": "https://registry.npmjs.org/stompit/-/stompit-1.0.0.tgz",
      "integrity": "sha512-He+ZV41LyCs4WNpMT9WFAuhQ6cUNhzfa+PsRlf7qxGIfMhDCUncnD9V7Cwvo8tzvpnwVyRB2BDG3R7I2Gbv4Ww==",
      "dev": true,
      "license": "MIT",
      "dependencies": {
        "qs": "~6.9.1"
      },
      "engines": {
        "node": ">=8.6.0"
      }
    },
    "node_modules/xmlchars": {
      "version": "2.2.0",
      "resolved": "https://registry.npmjs.org/xmlchars/-/xmlchars-2.2.0.tgz",
      "integrity": "sha512-JZnDKK8B0RCDw84FNdDAIpZK+JuJw+s7Lz8nksI7SIuU3UXJJslUthsi+uWBUYOwPFwW7W7PRLRfUKpxjtjFCw==",
      "dev": true,
      "license": "MIT"
    }
  }
}
